Microsoft Visual Studio Solution File, Format Version 11.00
# Visual Studio 2008

Project("{6A61D423-D02A-1C56-250D-C23AE7FF12F3}") = "1217", "Assembly-CSharp-firstpass.csproj", "{22B48F58-1865-15B8-7F28-5F99501C251D}"
EndProject
Project("{6A61D423-D02A-1C56-250D-C23AE7FF12F3}") = "1217", "Assembly-CSharp.csproj", "{7E4C23A4-ECE9-0602-5B87-0C9848D9576F}"
EndProject
Global
	GlobalSection(SolutionConfigurationPlatforms) = preSolution
		Debug|Any CPU = Debug|Any CPU
		Release|Any CPU = Release|Any CPU
	EndGlobalSection
	GlobalSection(ProjectConfigurationPlatforms) = postSolution
		{22B48F58-1865-15B8-7F28-5F99501C251D}.Debug|Any CPU.ActiveCfg = Debug|Any CPU
		{22B48F58-1865-15B8-7F28-5F99501C251D}.Debug|Any CPU.Build.0 = Debug|Any CPU
		{22B48F58-1865-15B8-7F28-5F99501C251D}.Release|Any CPU.ActiveCfg = Release|Any CPU
		{22B48F58-1865-15B8-7F28-5F99501C251D}.Release|Any CPU.Build.0 = Release|Any CPU
		{7E4C23A4-ECE9-0602-5B87-0C9848D9576F}.Debug|Any CPU.ActiveCfg = Debug|Any CPU
		{7E4C23A4-ECE9-0602-5B87-0C9848D9576F}.Debug|Any CPU.Build.0 = Debug|Any CPU
		{7E4C23A4-ECE9-0602-5B87-0C9848D9576F}.Release|Any CPU.ActiveCfg = Release|Any CPU
		{7E4C23A4-ECE9-0602-5B87-0C9848D9576F}.Release|Any CPU.Build.0 = Release|Any CPU
	EndGlobalSection
	GlobalSection(SolutionProperties) = preSolution
		HideSolutionNode = FALSE
	EndGlobalSection
	GlobalSection(MonoDevelopProperties) = preSolution
		StartupItem = Assembly-CSharp.csproj
	EndGlobalSection
EndGlobal
